
Microsoft Visual Studio Solution File, Format Version 12.00
# Visual Studio 2012
Project("{FAE04EC0-301F-11D3-BF4B-00C04F79EFBC}") = "Training", "Training\Training.csproj", "{FFA58BC0-C4DD-4B41-AC6F-8A7756D5C3B3}"
EndProject
Global
	GlobalSection(SolutionConfigurationPlatforms) = preSolution
		Debug|Any CPU = Debug|Any CPU
		Release|Any CPU = Release|Any CPU
	EndGlobalSection
	GlobalSection(ProjectConfigurationPlatforms) = postSolution
		{FFA58BC0-C4DD-4B41-AC6F-8A7756D5C3B3}.Debug|Any CPU.ActiveCfg = Debug|Any CPU
		{FFA58BC0-C4DD-4B41-AC6F-8A7756D5C3B3}.Debug|Any CPU.Build.0 = Debug|Any CPU
		{FFA58BC0-C4DD-4B41-AC6F-8A7756D5C3B3}.Release|Any CPU.ActiveCfg = Release|Any CPU
		{FFA58BC0-C4DD-4B41-AC6F-8A7756D5C3B3}.Release|Any CPU.Build.0 = Release|Any CPU
	EndGlobalSection
	GlobalSection(SolutionProperties) = preSolution
		HideSolutionNode = FALSE
	EndGlobalSection
EndGlobal
